
Microsoft Visual Studio Solution File, Format Version 12.00
# Visual Studio Version 17
VisualStudioVersion = 17.3.32825.248
MinimumVisualStudioVersion = 10.0.40219.1
Project("{FAE04EC0-301F-11D3-BF4B-00C04F79EFBC}") = "prjWinCsCalculator", "prjWinCsCalculator\prjWinCsCalculator.csproj", "{32861B7D-AB4E-481B-AF90-61A1A0C83EB3}"
EndProject
Global
	GlobalSection(SolutionConfigurationPlatforms) = preSolution
		Debug|Any CPU = Debug|Any CPU
		Release|Any CPU = Release|Any CPU
	EndGlobalSection
	GlobalSection(ProjectConfigurationPlatforms) = postSolution
		{32861B7D-AB4E-481B-AF90-61A1A0C83EB3}.Debug|Any CPU.ActiveCfg = Debug|Any CPU
		{32861B7D-AB4E-481B-AF90-61A1A0C83EB3}.Debug|Any CPU.Build.0 = Debug|Any CPU
		{32861B7D-AB4E-481B-AF90-61A1A0C83EB3}.Release|Any CPU.ActiveCfg = Release|Any CPU
		{32861B7D-AB4E-481B-AF90-61A1A0C83EB3}.Release|Any CPU.Build.0 = Release|Any CPU
	EndGlobalSection
	GlobalSection(SolutionProperties) = preSolution
		HideSolutionNode = FALSE
	EndGlobalSection
	GlobalSection(ExtensibilityGlobals) = postSolution
		SolutionGuid = {1513F9F9-C1E0-43E8-92C0-E38EF6092E9B}
	EndGlobalSection
EndGlobal
